
Microsoft Visual Studio Solution File, Format Version 12.00
# Visual Studio Version 16
VisualStudioVersion = 16.0.30523.141
MinimumVisualStudioVersion = 10.0.40219.1
Project("{FAE04EC0-301F-11D3-BF4B-00C04F79EFBC}") = "Kafe", "Kafe\Kafe.csproj", "{5F8D8ED8-0979-4AD8-A873-210FF244CABF}"
EndProject
Global
	GlobalSection(SolutionConfigurationPlatforms) = preSolution
		Debug|Any CPU = Debug|Any CPU
		Release|Any CPU = Release|Any CPU
	EndGlobalSection
	GlobalSection(ProjectConfigurationPlatforms) = postSolution
		{5F8D8ED8-0979-4AD8-A873-210FF244CABF}.Debug|Any CPU.ActiveCfg = Debug|Any CPU
		{5F8D8ED8-0979-4AD8-A873-210FF244CABF}.Debug|Any CPU.Build.0 = Debug|Any CPU
		{5F8D8ED8-0979-4AD8-A873-210FF244CABF}.Release|Any CPU.ActiveCfg = Release|Any CPU
		{5F8D8ED8-0979-4AD8-A873-210FF244CABF}.Release|Any CPU.Build.0 = Release|Any CPU
	EndGlobalSection
	GlobalSection(SolutionProperties) = preSolution
		HideSolutionNode = FALSE
	EndGlobalSection
	GlobalSection(ExtensibilityGlobals) = postSolution
		SolutionGuid = {33313B8A-E90A-477F-8D24-2BD73D4597E4}
	EndGlobalSection
EndGlobal
